// !$*UTF8*$!
{
	archiveVersion = 1;
	classes = {
	};
	objectVersion = 55;
	objects = {

/* Begin PBXBuildFile section */
		EA6AEA442682E4F6009BEC79 /* OpenGL.framework in Frameworks */ = {isa = PBXBuildFile; fileRef = EA6AEA432682E4F6009BEC79 /* OpenGL.framework */; };
		EA6AEA462682E4FB009BEC79 /* Cocoa.framework in Frameworks */ = {isa = PBXBuildFile; fileRef = EA6AEA452682E4FB009BEC79 /* Cocoa.framework */; };
		EA6AEA482682E50C009BEC79 /* CoreVideo.framework in Frameworks */ = {isa = PBXBuildFile; fileRef = EA6AEA472682E50C009BEC79 /* CoreVideo.framework */; };
		EA6AEA4A2682E518009BEC79 /* IOKit.framework in Frameworks */ = {isa = PBXBuildFile; fileRef = EA6AEA492682E518009BEC79 /* IOKit.framework */; };
		EA6AEA4E2682E57D009BEC79 /* libglfw.3.3.dylib in Frameworks */ = {isa = PBXBuildFile; fileRef = EA6AEA4D2682E57D009BEC79 /* libglfw.3.3.dylib */; };
		EA6AEA502682E58B009BEC79 /* libGLEW.2.2.0.dylib in Frameworks */ = {isa = PBXBuildFile; fileRef = EA6AEA4F2682E58B009BEC79 /* libGLEW.2.2.0.dylib */; };
		EAD131C5267B783500C79A9E /* main.cpp in Sources */ = {isa = PBXBuildFile; fileRef = EAD131C4267B783500C79A9E /* main.cpp */; };
		EAD131CC267B78C500C79A9E /* glad.c in Sources */ = {isa = PBXBuildFile; fileRef = EAD131CB267B78C500C79A9E /* glad.c */; };
		EAD131DF267B7BBE00C79A9E /* QuadTree.cpp in Sources */ = {isa = PBXBuildFile; fileRef = EAD131DD267B7BBE00C79A9E /* QuadTree.cpp */; };
/* End PBXBuildFile section */

/* Begin PBXCopyFilesBuildPhase section */
		EAD131BF267B783500C79A9E /* CopyFiles */ = {
			isa = PBXCopyFilesBuildPhase;
			buildActionMask = 2147483647;
			dstPath = /usr/share/man/man1/;
			dstSubfolderSpec = 0;
			files = (
			);
			runOnlyForDeploymentPostprocessing = 1;
		};
/* End PBXCopyFilesBuildPhase section */

/* Begin PBXFileReference section */
		EA6AEA362682DC52009BEC79 /* Shader.h */ = {isa = PBXFileReference; lastKnownFileType = sourcecode.c.h; path = Shader.h; sourceTree = "<group>"; };
		EA6AEA422682DF8A009BEC79 /* Camera.h */ = {isa = PBXFileReference; lastKnownFileType = sourcecode.c.h; path = Camera.h; sourceTree = "<group>"; };
		EA6AEA432682E4F6009BEC79 /* OpenGL.framework */ = {isa = PBXFileReference; lastKnownFileType = wrapper.framework; name = OpenGL.framework; path = System/Library/Frameworks/OpenGL.framework; sourceTree = SDKROOT; };
		EA6AEA452682E4FB009BEC79 /* Cocoa.framework */ = {isa = PBXFileReference; lastKnownFileType = wrapper.framework; name = Cocoa.framework; path = System/Library/Frameworks/Cocoa.framework; sourceTree = SDKROOT; };
		EA6AEA472682E50C009BEC79 /* CoreVideo.framework */ = {isa = PBXFileReference; lastKnownFileType = wrapper.framework; name = CoreVideo.framework; path = System/Library/Frameworks/CoreVideo.framework; sourceTree = SDKROOT; };
		EA6AEA492682E518009BEC79 /* IOKit.framework */ = {isa = PBXFileReference; lastKnownFileType = wrapper.framework; name = IOKit.framework; path = System/Library/Frameworks/IOKit.framework; sourceTree = SDKROOT; };
		EA6AEA4D2682E57D009BEC79 /* libglfw.3.3.dylib */ = {isa = PBXFileReference; lastKnownFileType = "compiled.mach-o.dylib"; name = libglfw.3.3.dylib; path = ../../../../opt/homebrew/Cellar/glfw/3.3.4/lib/libglfw.3.3.dylib; sourceTree = "<group>"; };
		EA6AEA4F2682E58B009BEC79 /* libGLEW.2.2.0.dylib */ = {isa = PBXFileReference; lastKnownFileType = "compiled.mach-o.dylib"; name = libGLEW.2.2.0.dylib; path = ../../../../opt/homebrew/Cellar/glew/2.2.0_1/lib/libGLEW.2.2.0.dylib; sourceTree = "<group>"; };
		EA6AEA5326830742009BEC79 /* shader.fs */ = {isa = PBXFileReference; fileEncoding = 4; lastKnownFileType = sourcecode.glsl; path = shader.fs; sourceTree = "<group>"; };
		EA6AEA5426830742009BEC79 /* shader.vs */ = {isa = PBXFileReference; fileEncoding = 4; lastKnownFileType = sourcecode.glsl; path = shader.vs; sourceTree = "<group>"; };
		EAD131C1267B783500C79A9E /* mytask */ = {isa = PBXFileReference; explicitFileType = "compiled.mach-o.executable"; includeInIndex = 0; path = mytask; sourceTree = BUILT_PRODUCTS_DIR; };
		EAD131C4267B783500C79A9E /* main.cpp */ = {isa = PBXFileReference; lastKnownFileType = sourcecode.cpp.cpp; path = main.cpp; sourceTree = "<group>"; };
		EAD131CB267B78C500C79A9E /* glad.c */ = {isa = PBXFileReference; fileEncoding = 4; lastKnownFileType = sourcecode.c.c; path = glad.c; sourceTree = "<group>"; };
		EAD131DD267B7BBE00C79A9E /* QuadTree.cpp */ = {isa = PBXFileReference; fileEncoding = 4; lastKnownFileType = sourcecode.cpp.cpp; path = QuadTree.cpp; sourceTree = "<group>"; };
		EAD131DE267B7BBE00C79A9E /* QuadTree.h */ = {isa = PBXFileReference; fileEncoding = 4; lastKnownFileType = sourcecode.c.h; path = QuadTree.h; sourceTree = "<group>"; };
/* End PBXFileReference section */

/* Begin PBXFrameworksBuildPhase section */
		EAD131BE267B783500C79A9E /* Frameworks */ = {
			isa = PBXFrameworksBuildPhase;
			buildActionMask = 2147483647;
			files = (
				EA6AEA4A2682E518009BEC79 /* IOKit.framework in Frameworks */,
				EA6AEA482682E50C009BEC79 /* CoreVideo.framework in Frameworks */,
				EA6AEA462682E4FB009BEC79 /* Cocoa.framework in Frameworks */,
				EA6AEA442682E4F6009BEC79 /* OpenGL.framework in Frameworks */,
				EA6AEA4E2682E57D009BEC79 /* libglfw.3.3.dylib in Frameworks */,
				EA6AEA502682E58B009BEC79 /* libGLEW.2.2.0.dylib in Frameworks */,
			);
			runOnlyForDeploymentPostprocessing = 0;
		};
/* End PBXFrameworksBuildPhase section */

/* Begin PBXGroup section */
		EA6AEA52268305F2009BEC79 /* glsl */ = {
			isa = PBXGroup;
			children = (
				EA6AEA5326830742009BEC79 /* shader.fs */,
				EA6AEA5426830742009BEC79 /* shader.vs */,
			);
			path = glsl;
			sourceTree = "<group>";
		};
		EAD131B8267B783500C79A9E = {
			isa = PBXGroup;
			children = (
				EAD131C3267B783500C79A9E /* mytask */,
				EAD131C2267B783500C79A9E /* Products */,
				EAD131CE267B79FE00C79A9E /* Frameworks */,
			);
			sourceTree = "<group>";
		};
		EAD131C2267B783500C79A9E /* Products */ = {
			isa = PBXGroup;
			children = (
				EAD131C1267B783500C79A9E /* mytask */,
			);
			name = Products;
			sourceTree = "<group>";
		};
		EAD131C3267B783500C79A9E /* mytask */ = {
			isa = PBXGroup;
			children = (
				EA6AEA52268305F2009BEC79 /* glsl */,
				EAD131DC267B7BA500C79A9E /* Quad */,
				EAD131CB267B78C500C79A9E /* glad.c */,
				EAD131C4267B783500C79A9E /* main.cpp */,
				EA6AEA362682DC52009BEC79 /* Shader.h */,
				EA6AEA422682DF8A009BEC79 /* Camera.h */,
			);
			path = mytask;
			sourceTree = "<group>";
		};
		EAD131CE267B79FE00C79A9E /* Frameworks */ = {
			isa = PBXGroup;
			children = (
				EA6AEA4F2682E58B009BEC79 /* libGLEW.2.2.0.dylib */,
				EA6AEA4D2682E57D009BEC79 /* libglfw.3.3.dylib */,
				EA6AEA492682E518009BEC79 /* IOKit.framework */,
				EA6AEA472682E50C009BEC79 /* CoreVideo.framework */,
				EA6AEA452682E4FB009BEC79 /* Cocoa.framework */,
				EA6AEA432682E4F6009BEC79 /* OpenGL.framework */,
			);
			name = Frameworks;
			sourceTree = "<group>";
		};
		EAD131DC267B7BA500C79A9E /* Quad */ = {
			isa = PBXGroup;
			children = (
				EAD131DD267B7BBE00C79A9E /* QuadTree.cpp */,
				EAD131DE267B7BBE00C79A9E /* QuadTree.h */,
			);
			path = Quad;
			sourceTree = "<group>";
		};
/* End PBXGroup section */

/* Begin PBXNativeTarget section */
		EAD131C0267B783500C79A9E /* mytask */ = {
			isa = PBXNativeTarget;
			buildConfigurationList = EAD131C8267B783500C79A9E /* Build configuration list for PBXNativeTarget "mytask" */;
			buildPhases = (
				EAD131BD267B783500C79A9E /* Sources */,
				EAD131BE267B783500C79A9E /* Frameworks */,
				EAD131BF267B783500C79A9E /* CopyFiles */,
			);
			buildRules = (
			);
			dependencies = (
			);
			name = mytask;
			productName = mytask;
			productReference = EAD131C1267B783500C79A9E /* mytask */;
			productType = "com.apple.product-type.tool";
		};
/* End PBXNativeTarget section */

/* Begin PBXProject section */
		EAD131B9267B783500C79A9E /* Project object */ = {
			isa = PBXProject;
			attributes = {
				BuildIndependentTargetsInParallel = 1;
				LastUpgradeCheck = 1300;
				TargetAttributes = {
					EAD131C0267B783500C79A9E = {
						CreatedOnToolsVersion = 13.0;
					};
				};
			};
			buildConfigurationList = EAD131BC267B783500C79A9E /* Build configuration list for PBXProject "mytask" */;
			compatibilityVersion = "Xcode 13.0";
			developmentRegion = en;
			hasScannedForEncodings = 0;
			knownRegions = (
				en,
				Base,
			);
			mainGroup = EAD131B8267B783500C79A9E;
			productRefGroup = EAD131C2267B783500C79A9E /* Products */;
			projectDirPath = "";
			projectRoot = "";
			targets = (
				EAD131C0267B783500C79A9E /* mytask */,
			);
		};
/* End PBXProject section */

/* Begin PBXSourcesBuildPhase section */
		EAD131BD267B783500C79A9E /* Sources */ = {
			isa = PBXSourcesBuildPhase;
			buildActionMask = 2147483647;
			files = (
				EAD131C5267B783500C79A9E /* main.cpp in Sources */,
				EAD131CC267B78C500C79A9E /* glad.c in Sources */,
				EAD131DF267B7BBE00C79A9E /* QuadTree.cpp in Sources */,
			);
			runOnlyForDeploymentPostprocessing = 0;
		};
/* End PBXSourcesBuildPhase section */

/* Begin XCBuildConfiguration section */
		EAD131C6267B783500C79A9E /* Debug */ = {
			isa = XCBuildConfiguration;
			buildSettings = {
				ALWAYS_SEARCH_USER_PATHS = NO;
				CLANG_ANALYZER_NONNULL = YES;
				CLANG_ANALYZER_NUMBER_OBJECT_CONVERSION = YES_AGGRESSIVE;
				CLANG_CXX_LANGUAGE_STANDARD = "gnu++14";
				CLANG_CXX_LIBRARY = "libc++";
				CLANG_ENABLE_MODULES = YES;
				CLANG_ENABLE_OBJC_ARC = YES;
				CLANG_ENABLE_OBJC_WEAK = YES;
				CLANG_WARN_BLOCK_CAPTURE_AUTORELEASING = YES;
				CLANG_WARN_BOOL_CONVERSION = YES;
				CLANG_WARN_COMMA = YES;
				CLANG_WARN_CONSTANT_CONVERSION = YES;
				CLANG_WARN_DEPRECATED_OBJC_IMPLEMENTATIONS = YES;
				CLANG_WARN_DIRECT_OBJC_ISA_USAGE = YES_ERROR;
				CLANG_WARN_DOCUMENTATION_COMMENTS = YES;
				CLANG_WARN_EMPTY_BODY = YES;
				CLANG_WARN_ENUM_CONVERSION = YES;
				CLANG_WARN_INFINITE_RECURSION = YES;
				CLANG_WARN_INT_CONVERSION = YES;
				CLANG_WARN_NON_LITERAL_NULL_CONVERSION = YES;
				CLANG_WARN_OBJC_IMPLICIT_RETAIN_SELF = YES;
				CLANG_WARN_OBJC_LITERAL_CONVERSION = YES;
				CLANG_WARN_OBJC_ROOT_CLASS = YES_ERROR;
				CLANG_WARN_QUOTED_INCLUDE_IN_FRAMEWORK_HEADER = YES;
				CLANG_WARN_RANGE_LOOP_ANALYSIS = YES;
				CLANG_WARN_STRICT_PROTOTYPES = YES;
				CLANG_WARN_SUSPICIOUS_MOVE = YES;
				CLANG_WARN_UNGUARDED_AVAILABILITY = YES_AGGRESSIVE;
				CLANG_WARN_UNREACHABLE_CODE = YES;
				CLANG_WARN__DUPLICATE_METHOD_MATCH = YES;
				COPY_PHASE_STRIP = NO;
				DEBUG_INFORMATION_FORMAT = dwarf;
				ENABLE_STRICT_OBJC_MSGSEND = YES;
				ENABLE_TESTABILITY = YES;
				GCC_C_LANGUAGE_STANDARD = gnu11;
				GCC_DYNAMIC_NO_PIC = NO;
				GCC_NO_COMMON_BLOCKS = YES;
				GCC_OPTIMIZATION_LEVEL = 0;
				GCC_PREPROCESSOR_DEFINITIONS = (
					"DEBUG=1",
					"$(inherited)",
				);
				GCC_WARN_64_TO_32_BIT_CONVERSION = YES;
				GCC_WARN_ABOUT_RETURN_TYPE = YES_ERROR;
				GCC_WARN_UNDECLARED_SELECTOR = YES;
				GCC_WARN_UNINITIALIZED_AUTOS = YES_AGGRESSIVE;
				GCC_WARN_UNUSED_FUNCTION = YES;
				GCC_WARN_UNUSED_VARIABLE = YES;
				MACOSX_DEPLOYMENT_TARGET = 11.4;
				MTL_ENABLE_DEBUG_INFO = INCLUDE_SOURCE;
				MTL_FAST_MATH = YES;
				ONLY_ACTIVE_ARCH = YES;
				SDKROOT = macosx;
			};
			name = Debug;
		};
		EAD131C7267B783500C79A9E /* Release */ = {
			isa = XCBuildConfiguration;
			buildSettings = {
				ALWAYS_SEARCH_USER_PATHS = NO;
				CLANG_ANALYZER_NONNULL = YES;
				CLANG_ANALYZER_NUMBER_OBJECT_CONVERSION = YES_AGGRESSIVE;
				CLANG_CXX_LANGUAGE_STANDARD = "gnu++14";
				CLANG_CXX_LIBRARY = "libc++";
				CLANG_ENABLE_MODULES = YES;
				CLANG_ENABLE_OBJC_ARC = YES;
				CLANG_ENABLE_OBJC_WEAK = YES;
				CLANG_WARN_BLOCK_CAPTURE_AUTORELEASING = YES;
				CLANG_WARN_BOOL_CONVERSION = YES;
				CLANG_WARN_COMMA = YES;
				CLANG_WARN_CONSTANT_CONVERSION = YES;
				CLANG_WARN_DEPRECATED_OBJC_IMPLEMENTATIONS = YES;
				CLANG_WARN_DIRECT_OBJC_ISA_USAGE = YES_ERROR;
				CLANG_WARN_DOCUMENTATION_COMMENTS = YES;
				CLANG_WARN_EMPTY_BODY = YES;
				CLANG_WARN_ENUM_CONVERSION = YES;
				CLANG_WARN_INFINITE_RECURSION = YES;
				CLANG_WARN_INT_CONVERSION = YES;
				CLANG_WARN_NON_LITERAL_NULL_CONVERSION = YES;
				CLANG_WARN_OBJC_IMPLICIT_RETAIN_SELF = YES;
				CLANG_WARN_OBJC_LITERAL_CONVERSION = YES;
				CLANG_WARN_OBJC_ROOT_CLASS = YES_ERROR;
				CLANG_WARN_QUOTED_INCLUDE_IN_FRAMEWORK_HEADER = YES;
				CLANG_WARN_RANGE_LOOP_ANALYSIS = YES;
				CLANG_WARN_STRICT_PROTOTYPES = YES;
				CLANG_WARN_SUSPICIOUS_MOVE = YES;
				CLANG_WARN_UNGUARDED_AVAILABILITY = YES_AGGRESSIVE;
				CLANG_WARN_UNREACHABLE_CODE = YES;
				CLANG_WARN__DUPLICATE_METHOD_MATCH = YES;
				COPY_PHASE_STRIP = NO;
				DEBUG_INFORMATION_FORMAT = "dwarf-with-dsym";
				ENABLE_NS_ASSERTIONS = NO;
				ENABLE_STRICT_OBJC_MSGSEND = YES;
				GCC_C_LANGUAGE_STANDARD = gnu11;
				GCC_NO_COMMON_BLOCKS = YES;
				GCC_WARN_64_TO_32_BIT_CONVERSION = YES;
				GCC_WARN_ABOUT_RETURN_TYPE = YES_ERROR;
				GCC_WARN_UNDECLARED_SELECTOR = YES;
				GCC_WARN_UNINITIALIZED_AUTOS = YES_AGGRESSIVE;
				GCC_WARN_UNUSED_FUNCTION = YES;
				GCC_WARN_UNUSED_VARIABLE = YES;
				MACOSX_DEPLOYMENT_TARGET = 11.4;
				MTL_ENABLE_DEBUG_INFO = NO;
				MTL_FAST_MATH = YES;
				SDKROOT = macosx;
			};
			name = Release;
		};
		EAD131C9267B783500C79A9E /* Debug */ = {
			isa = XCBuildConfiguration;
			buildSettings = {
				ALWAYS_SEARCH_USER_PATHS = YES;
				CODE_SIGN_STYLE = Automatic;
				HEADER_SEARCH_PATHS = (
					/usr/local/include,
					"./**",
					"$(glfw_header)/**",
					"$(glew_header)/**",
				);
				LIBRARY_SEARCH_PATHS = (
					"$(glfw_lib)/**",
					"$(glew_lib)/**",
				);
				PRODUCT_NAME = "$(TARGET_NAME)";
			};
			name = Debug;
		};
		EAD131CA267B783500C79A9E /* Release */ = {
			isa = XCBuildConfiguration;
			buildSettings = {
				ALWAYS_SEARCH_USER_PATHS = YES;
				CODE_SIGN_STYLE = Automatic;
				LIBRARY_SEARCH_PATHS = (
					"$(glfw_lib)/**",
					"$(glew_lib)/**",
				);
				PRODUCT_NAME = "$(TARGET_NAME)";
			};
			name = Release;
		};
/* End XCBuildConfiguration section */

/* Begin XCConfigurationList section */
		EAD131BC267B783500C79A9E /* Build configuration list for PBXProject "mytask" */ = {
			isa = XCConfigurationList;
			buildConfigurations = (
				EAD131C6267B783500C79A9E /* Debug */,
				EAD131C7267B783500C79A9E /* Release */,
			);
			defaultConfigurationIsVisible = 0;
			defaultConfigurationName = Release;
		};
		EAD131C8267B783500C79A9E /* Build configuration list for PBXNativeTarget "mytask" */ = {
			isa = XCConfigurationList;
			buildConfigurations = (
				EAD131C9267B783500C79A9E /* Debug */,
				EAD131CA267B783500C79A9E /* Release */,
			);
			defaultConfigurationIsVisible = 0;
			defaultConfigurationName = Release;
		};
/* End XCConfigurationList section */
	};
	rootObject = EAD131B9267B783500C79A9E /* Project object */;
}
